
Microsoft Visual Studio Solution File, Format Version 12.00
# Visual Studio Version 16
VisualStudioVersion = 16.0.31729.503
MinimumVisualStudioVersion = 10.0.40219.1
Project("{FAE04EC0-301F-11D3-BF4B-00C04F79EFBC}") = "Homeappliences application", "Homeappliences application\Homeappliences application.csproj", "{2DE6DC91-BD31-49DB-A129-6E82936206BE}"
EndProject
Global
	GlobalSection(SolutionConfigurationPlatforms) = preSolution
		Debug|Any CPU = Debug|Any CPU
		Release|Any CPU = Release|Any CPU
	EndGlobalSection
	GlobalSection(ProjectConfigurationPlatforms) = postSolution
		{2DE6DC91-BD31-49DB-A129-6E82936206BE}.Debug|Any CPU.ActiveCfg = Debug|Any CPU
		{2DE6DC91-BD31-49DB-A129-6E82936206BE}.Debug|Any CPU.Build.0 = Debug|Any CPU
		{2DE6DC91-BD31-49DB-A129-6E82936206BE}.Release|Any CPU.ActiveCfg = Release|Any CPU
		{2DE6DC91-BD31-49DB-A129-6E82936206BE}.Release|Any CPU.Build.0 = Release|Any CPU
	EndGlobalSection
	GlobalSection(SolutionProperties) = preSolution
		HideSolutionNode = FALSE
	EndGlobalSection
	GlobalSection(ExtensibilityGlobals) = postSolution
		SolutionGuid = {B85475A0-03D0-408B-9FA1-BEE0A05759BE}
	EndGlobalSection
EndGlobal
